// !$*UTF8*$!
{
	archiveVersion = 1;
	classes = {
	};
	objectVersion = 46;
	objects = {

/* Begin PBXBuildFile section */
		4DBF4C201C99084E00FD5E05 /* main.m in Sources */ = {isa = PBXBuildFile; fileRef = 4DBF4C1F1C99084E00FD5E05 /* main.m */; };
		4DBF4C231C99084E00FD5E05 /* AppDelegate.m in Sources */ = {isa = PBXBuildFile; fileRef = 4DBF4C221C99084E00FD5E05 /* AppDelegate.m */; };
		4DBF4C261C99084E00FD5E05 /* ViewController.m in Sources */ = {isa = PBXBuildFile; fileRef = 4DBF4C251C99084E00FD5E05 /* ViewController.m */; };
		4DBF4C291C99084E00FD5E05 /* Main.storyboard in Resources */ = {isa = PBXBuildFile; fileRef = 4DBF4C271C99084E00FD5E05 /* Main.storyboard */; };
		4DBF4C2B1C99084E00FD5E05 /* Assets.xcassets in Resources */ = {isa = PBXBuildFile; fileRef = 4DBF4C2A1C99084E00FD5E05 /* Assets.xcassets */; };
		4DBF4C2E1C99084E00FD5E05 /* LaunchScreen.storyboard in Resources */ = {isa = PBXBuildFile; fileRef = 4DBF4C2C1C99084E00FD5E05 /* LaunchScreen.storyboard */; };
		4DBF4C391C99084E00FD5E05 /* LoveFreshBeenOCUITests.m in Sources */ = {isa = PBXBuildFile; fileRef = 4DBF4C381C99084E00FD5E05 /* LoveFreshBeenOCUITests.m */; };
/* End PBXBuildFile section */

/* Begin PBXContainerItemProxy section */
		4DBF4C351C99084E00FD5E05 /* PBXContainerItemProxy */ = {
			isa = PBXContainerItemProxy;
			containerPortal = 4DBF4C131C99084E00FD5E05 /* Project object */;
			proxyType = 1;
			remoteGlobalIDString = 4DBF4C1A1C99084E00FD5E05;
			remoteInfo = LoveFreshBeenOC;
		};
/* End PBXContainerItemProxy section */

/* Begin PBXFileReference section */
		4DBF4C1B1C99084E00FD5E05 /* LoveFreshBeenOC.app */ = {isa = PBXFileReference; explicitFileType = wrapper.application; includeInIndex = 0; path = LoveFreshBeenOC.app; sourceTree = BUILT_PRODUCTS_DIR; };
		4DBF4C1F1C99084E00FD5E05 /* main.m */ = {isa = PBXFileReference; lastKnownFileType = sourcecode.c.objc; path = main.m; sourceTree = "<group>"; };
		4DBF4C211C99084E00FD5E05 /* AppDelegate.h */ = {isa = PBXFileReference; lastKnownFileType = sourcecode.c.h; path = AppDelegate.h; sourceTree = "<group>"; };
		4DBF4C221C99084E00FD5E05 /* AppDelegate.m */ = {isa = PBXFileReference; lastKnownFileType = sourcecode.c.objc; path = AppDelegate.m; sourceTree = "<group>"; };
		4DBF4C241C99084E00FD5E05 /* ViewController.h */ = {isa = PBXFileReference; lastKnownFileType = sourcecode.c.h; path = ViewController.h; sourceTree = "<group>"; };
		4DBF4C251C99084E00FD5E05 /* ViewController.m */ = {isa = PBXFileReference; lastKnownFileType = sourcecode.c.objc; path = ViewController.m; sourceTree = "<group>"; };
		4DBF4C281C99084E00FD5E05 /* Base */ = {isa = PBXFileReference; lastKnownFileType = file.storyboard; name = Base; path = Base.lproj/Main.storyboard; sourceTree = "<group>"; };
		4DBF4C2A1C99084E00FD5E05 /* Assets.xcassets */ = {isa = PBXFileReference; lastKnownFileType = folder.assetcatalog; path = Assets.xcassets; sourceTree = "<group>"; };
		4DBF4C2D1C99084E00FD5E05 /* Base */ = {isa = PBXFileReference; lastKnownFileType = file.storyboard; name = Base; path = Base.lproj/LaunchScreen.storyboard; sourceTree = "<group>"; };
		4DBF4C2F1C99084E00FD5E05 /* Info.plist */ = {isa = PBXFileReference; lastKnownFileType = text.plist.xml; path = Info.plist; sourceTree = "<group>"; };
		4DBF4C341C99084E00FD5E05 /* LoveFreshBeenOCUITests.xctest */ = {isa = PBXFileReference; explicitFileType = wrapper.cfbundle; includeInIndex = 0; path = LoveFreshBeenOCUITests.xctest; sourceTree = BUILT_PRODUCTS_DIR; };
		4DBF4C381C99084E00FD5E05 /* LoveFreshBeenOCUITests.m */ = {isa = PBXFileReference; lastKnownFileType = sourcecode.c.objc; path = LoveFreshBeenOCUITests.m; sourceTree = "<group>"; };
		4DBF4C3A1C99084E00FD5E05 /* Info.plist */ = {isa = PBXFileReference; lastKnownFileType = text.plist.xml; path = Info.plist; sourceTree = "<group>"; };
/* End PBXFileReference section */

/* Begin PBXFrameworksBuildPhase section */
		4DBF4C181C99084E00FD5E05 /* Frameworks */ = {
			isa = PBXFrameworksBuildPhase;
			buildActionMask = 2147483647;
			files = (
			);
			runOnlyForDeploymentPostprocessing = 0;
		};
		4DBF4C311C99084E00FD5E05 /* Frameworks */ = {
			isa = PBXFrameworksBuildPhase;
			buildActionMask = 2147483647;
			files = (
			);
			runOnlyForDeploymentPostprocessing = 0;
		};
/* End PBXFrameworksBuildPhase section */

/* Begin PBXGroup section */
		4DBF4C121C99084E00FD5E05 = {
			isa = PBXGroup;
			children = (
				4DBF4C1D1C99084E00FD5E05 /* LoveFreshBeenOC */,
				4DBF4C371C99084E00FD5E05 /* LoveFreshBeenOCUITests */,
				4DBF4C1C1C99084E00FD5E05 /* Products */,
			);
			sourceTree = "<group>";
		};
		4DBF4C1C1C99084E00FD5E05 /* Products */ = {
			isa = PBXGroup;
			children = (
				4DBF4C1B1C99084E00FD5E05 /* LoveFreshBeenOC.app */,
				4DBF4C341C99084E00FD5E05 /* LoveFreshBeenOCUITests.xctest */,
			);
			name = Products;
			sourceTree = "<group>";
		};
		4DBF4C1D1C99084E00FD5E05 /* LoveFreshBeenOC */ = {
			isa = PBXGroup;
			children = (
				4DBF4C211C99084E00FD5E05 /* AppDelegate.h */,
				4DBF4C221C99084E00FD5E05 /* AppDelegate.m */,
				4DBF4C241C99084E00FD5E05 /* ViewController.h */,
				4DBF4C251C99084E00FD5E05 /* ViewController.m */,
				4DBF4C271C99084E00FD5E05 /* Main.storyboard */,
				4DBF4C2A1C99084E00FD5E05 /* Assets.xcassets */,
				4DBF4C2C1C99084E00FD5E05 /* LaunchScreen.storyboard */,
				4DBF4C2F1C99084E00FD5E05 /* Info.plist */,
				4DBF4C1E1C99084E00FD5E05 /* Supporting Files */,
			);
			path = LoveFreshBeenOC;
			sourceTree = "<group>";
		};
		4DBF4C1E1C99084E00FD5E05 /* Supporting Files */ = {
			isa = PBXGroup;
			children = (
				4DBF4C1F1C99084E00FD5E05 /* main.m */,
			);
			name = "Supporting Files";
			sourceTree = "<group>";
		};
		4DBF4C371C99084E00FD5E05 /* LoveFreshBeenOCUITests */ = {
			isa = PBXGroup;
			children = (
				4DBF4C381C99084E00FD5E05 /* LoveFreshBeenOCUITests.m */,
				4DBF4C3A1C99084E00FD5E05 /* Info.plist */,
			);
			path = LoveFreshBeenOCUITests;
			sourceTree = "<group>";
		};
/* End PBXGroup section */

/* Begin PBXNativeTarget section */
		4DBF4C1A1C99084E00FD5E05 /* LoveFreshBeenOC */ = {
			isa = PBXNativeTarget;
			buildConfigurationList = 4DBF4C3D1C99084E00FD5E05 /* Build configuration list for PBXNativeTarget "LoveFreshBeenOC" */;
			buildPhases = (
				4DBF4C171C99084E00FD5E05 /* Sources */,
				4DBF4C181C99084E00FD5E05 /* Frameworks */,
				4DBF4C191C99084E00FD5E05 /* Resources */,
			);
			buildRules = (
			);
			dependencies = (
			);
			name = LoveFreshBeenOC;
			productName = LoveFreshBeenOC;
			productReference = 4DBF4C1B1C99084E00FD5E05 /* LoveFreshBeenOC.app */;
			productType = "com.apple.product-type.application";
		};
		4DBF4C331C99084E00FD5E05 /* LoveFreshBeenOCUITests */ = {
			isa = PBXNativeTarget;
			buildConfigurationList = 4DBF4C401C99084E00FD5E05 /* Build configuration list for PBXNativeTarget "LoveFreshBeenOCUITests" */;
			buildPhases = (
				4DBF4C301C99084E00FD5E05 /* Sources */,
				4DBF4C311C99084E00FD5E05 /* Frameworks */,
				4DBF4C321C99084E00FD5E05 /* Resources */,
			);
			buildRules = (
			);
			dependencies = (
				4DBF4C361C99084E00FD5E05 /* PBXTargetDependency */,
			);
			name = LoveFreshBeenOCUITests;
			productName = LoveFreshBeenOCUITests;
			productReference = 4DBF4C341C99084E00FD5E05 /* LoveFreshBeenOCUITests.xctest */;
			productType = "com.apple.product-type.bundle.ui-testing";
		};
/* End PBXNativeTarget section */

/* Begin PBXProject section */
		4DBF4C131C99084E00FD5E05 /* Project object */ = {
			isa = PBXProject;
			attributes = {
				LastUpgradeCheck = 0720;
				ORGANIZATIONNAME = youyou;
				TargetAttributes = {
					4DBF4C1A1C99084E00FD5E05 = {
						CreatedOnToolsVersion = 7.2;
					};
					4DBF4C331C99084E00FD5E05 = {
						CreatedOnToolsVersion = 7.2;
						TestTargetID = 4DBF4C1A1C99084E00FD5E05;
					};
				};
			};
			buildConfigurationList = 4DBF4C161C99084E00FD5E05 /* Build configuration list for PBXProject "LoveFreshBeenOC" */;
			compatibilityVersion = "Xcode 3.2";
			developmentRegion = English;
			hasScannedForEncodings = 0;
			knownRegions = (
				en,
				Base,
			);
			mainGroup = 4DBF4C121C99084E00FD5E05;
			productRefGroup = 4DBF4C1C1C99084E00FD5E05 /* Products */;
			projectDirPath = "";
			projectRoot = "";
			targets = (
				4DBF4C1A1C99084E00FD5E05 /* LoveFreshBeenOC */,
				4DBF4C331C99084E00FD5E05 /* LoveFreshBeenOCUITests */,
			);
		};
/* End PBXProject section */

/* Begin PBXResourcesBuildPhase section */
		4DBF4C191C99084E00FD5E05 /* Resources */ = {
			isa = PBXResourcesBuildPhase;
			buildActionMask = 2147483647;
			files = (
				4DBF4C2E1C99084E00FD5E05 /* LaunchScreen.storyboard in Resources */,
				4DBF4C2B1C99084E00FD5E05 /* Assets.xcassets in Resources */,
				4DBF4C291C99084E00FD5E05 /* Main.storyboard in Resources */,
			);
			runOnlyForDeploymentPostprocessing = 0;
		};
		4DBF4C321C99084E00FD5E05 /* Resources */ = {
			isa = PBXResourcesBuildPhase;
			buildActionMask = 2147483647;
			files = (
			);
			runOnlyForDeploymentPostprocessing = 0;
		};
/* End PBXResourcesBuildPhase section */

/* Begin PBXSourcesBuildPhase section */
		4DBF4C171C99084E00FD5E05 /* Sources */ = {
			isa = PBXSourcesBuildPhase;
			buildActionMask = 2147483647;
			files = (
				4DBF4C261C99084E00FD5E05 /* ViewController.m in Sources */,
				4DBF4C231C99084E00FD5E05 /* AppDelegate.m in Sources */,
				4DBF4C201C99084E00FD5E05 /* main.m in Sources */,
			);
			runOnlyForDeploymentPostprocessing = 0;
		};
		4DBF4C301C99084E00FD5E05 /* Sources */ = {
			isa = PBXSourcesBuildPhase;
			buildActionMask = 2147483647;
			files = (
				4DBF4C391C99084E00FD5E05 /* LoveFreshBeenOCUITests.m in Sources */,
			);
			runOnlyForDeploymentPostprocessing = 0;
		};
/* End PBXSourcesBuildPhase section */

/* Begin PBXTargetDependency section */
		4DBF4C361C99084E00FD5E05 /* PBXTargetDependency */ = {
			isa = PBXTargetDependency;
			target = 4DBF4C1A1C99084E00FD5E05 /* LoveFreshBeenOC */;
			targetProxy = 4DBF4C351C99084E00FD5E05 /* PBXContainerItemProxy */;
		};
/* End PBXTargetDependency section */

/* Begin PBXVariantGroup section */
		4DBF4C271C99084E00FD5E05 /* Main.storyboard */ = {
			isa = PBXVariantGroup;
			children = (
				4DBF4C281C99084E00FD5E05 /* Base */,
			);
			name = Main.storyboard;
			sourceTree = "<group>";
		};
		4DBF4C2C1C99084E00FD5E05 /* LaunchScreen.storyboard */ = {
			isa = PBXVariantGroup;
			children = (
				4DBF4C2D1C99084E00FD5E05 /* Base */,
			);
			name = LaunchScreen.storyboard;
			sourceTree = "<group>";
		};
/* End PBXVariantGroup section */

/* Begin XCBuildConfiguration section */
		4DBF4C3B1C99084E00FD5E05 /* Debug */ = {
			isa = XCBuildConfiguration;
			buildSettings = {
				ALWAYS_SEARCH_USER_PATHS = NO;
				CLANG_CXX_LANGUAGE_STANDARD = "gnu++0x";
				CLANG_CXX_LIBRARY = "libc++";
				CLANG_ENABLE_MODULES = YES;
				CLANG_ENABLE_OBJC_ARC = YES;
				CLANG_WARN_BOOL_CONVERSION = YES;
				CLANG_WARN_CONSTANT_CONVERSION = YES;
				CLANG_WARN_DIRECT_OBJC_ISA_USAGE = YES_ERROR;
				CLANG_WARN_EMPTY_BODY = YES;
				CLANG_WARN_ENUM_CONVERSION = YES;
				CLANG_WARN_INT_CONVERSION = YES;
				CLANG_WARN_OBJC_ROOT_CLASS = YES_ERROR;
				CLANG_WARN_UNREACHABLE_CODE = YES;
				CLANG_WARN__DUPLICATE_METHOD_MATCH = YES;
				"CODE_SIGN_IDENTITY[sdk=iphoneos*]" = "iPhone Developer";
				COPY_PHASE_STRIP = NO;
				DEBUG_INFORMATION_FORMAT = dwarf;
				ENABLE_STRICT_OBJC_MSGSEND = YES;
				ENABLE_TESTABILITY = YES;
				GCC_C_LANGUAGE_STANDARD = gnu99;
				GCC_DYNAMIC_NO_PIC = NO;
				GCC_NO_COMMON_BLOCKS = YES;
				GCC_OPTIMIZATION_LEVEL = 0;
				GCC_PREPROCESSOR_DEFINITIONS = (
					"DEBUG=1",
					"$(inherited)",
				);
				GCC_WARN_64_TO_32_BIT_CONVERSION = YES;
				GCC_WARN_ABOUT_RETURN_TYPE = YES_ERROR;
				GCC_WARN_UNDECLARED_SELECTOR = YES;
				GCC_WARN_UNINITIALIZED_AUTOS = YES_AGGRESSIVE;
				GCC_WARN_UNUSED_FUNCTION = YES;
				GCC_WARN_UNUSED_VARIABLE = YES;
				IPHONEOS_DEPLOYMENT_TARGET = 9.2;
				MTL_ENABLE_DEBUG_INFO = YES;
				ONLY_ACTIVE_ARCH = YES;
				SDKROOT = iphoneos;
				TARGETED_DEVICE_FAMILY = "1,2";
			};
			name = Debug;
		};
		4DBF4C3C1C99084E00FD5E05 /* Release */ = {
			isa = XCBuildConfiguration;
			buildSettings = {
				ALWAYS_SEARCH_USER_PATHS = NO;
				CLANG_CXX_LANGUAGE_STANDARD = "gnu++0x";
				CLANG_CXX_LIBRARY = "libc++";
				CLANG_ENABLE_MODULES = YES;
				CLANG_ENABLE_OBJC_ARC = YES;
				CLANG_WARN_BOOL_CONVERSION = YES;
				CLANG_WARN_CONSTANT_CONVERSION = YES;
				CLANG_WARN_DIRECT_OBJC_ISA_USAGE = YES_ERROR;
				CLANG_WARN_EMPTY_BODY = YES;
				CLANG_WARN_ENUM_CONVERSION = YES;
				CLANG_WARN_INT_CONVERSION = YES;
				CLANG_WARN_OBJC_ROOT_CLASS = YES_ERROR;
				CLANG_WARN_UNREACHABLE_CODE = YES;
				CLANG_WARN__DUPLICATE_METHOD_MATCH = YES;
				"CODE_SIGN_IDENTITY[sdk=iphoneos*]" = "iPhone Developer";
				COPY_PHASE_STRIP = NO;
				DEBUG_INFORMATION_FORMAT = "dwarf-with-dsym";
				ENABLE_NS_ASSERTIONS = NO;
				ENABLE_STRICT_OBJC_MSGSEND = YES;
				GCC_C_LANGUAGE_STANDARD = gnu99;
				GCC_NO_COMMON_BLOCKS = YES;
				GCC_WARN_64_TO_32_BIT_CONVERSION = YES;
				GCC_WARN_ABOUT_RETURN_TYPE = YES_ERROR;
				GCC_WARN_UNDECLARED_SELECTOR = YES;
				GCC_WARN_UNINITIALIZED_AUTOS = YES_AGGRESSIVE;
				GCC_WARN_UNUSED_FUNCTION = YES;
				GCC_WARN_UNUSED_VARIABLE = YES;
				IPHONEOS_DEPLOYMENT_TARGET = 9.2;
				MTL_ENABLE_DEBUG_INFO = NO;
				SDKROOT = iphoneos;
				TARGETED_DEVICE_FAMILY = "1,2";
				VALIDATE_PRODUCT = YES;
			};
			name = Release;
		};
		4DBF4C3E1C99084E00FD5E05 /* Debug */ = {
			isa = XCBuildConfiguration;
			buildSettings = {
				ASSETCATALOG_COMPILER_APPICON_NAME = AppIcon;
				INFOPLIST_FILE = LoveFreshBeenOC/Info.plist;
				LD_RUNPATH_SEARCH_PATHS = "$(inherited) @executable_path/Frameworks";
				PRODUCT_BUNDLE_IDENTIFIER = YT.LoveFreshBeenOC;
				PRODUCT_NAME = "$(TARGET_NAME)";
			};
			name = Debug;
		};
		4DBF4C3F1C99084E00FD5E05 /* Release */ = {
			isa = XCBuildConfiguration;
			buildSettings = {
				ASSETCATALOG_COMPILER_APPICON_NAME = AppIcon;
				INFOPLIST_FILE = LoveFreshBeenOC/Info.plist;
				LD_RUNPATH_SEARCH_PATHS = "$(inherited) @executable_path/Frameworks";
				PRODUCT_BUNDLE_IDENTIFIER = YT.LoveFreshBeenOC;
				PRODUCT_NAME = "$(TARGET_NAME)";
			};
			name = Release;
		};
		4DBF4C411C99084E00FD5E05 /* Debug */ = {
			isa = XCBuildConfiguration;
			buildSettings = {
				INFOPLIST_FILE = LoveFreshBeenOCUITests/Info.plist;
				LD_RUNPATH_SEARCH_PATHS = "$(inherited) @executable_path/Frameworks @loader_path/Frameworks";
				PRODUCT_BUNDLE_IDENTIFIER = YT.LoveFreshBeenOCUITests;
				PRODUCT_NAME = "$(TARGET_NAME)";
				TEST_TARGET_NAME = LoveFreshBeenOC;
				USES_XCTRUNNER = YES;
			};
			name = Debug;
		};
		4DBF4C421C99084E00FD5E05 /* Release */ = {
			isa = XCBuildConfiguration;
			buildSettings = {
				INFOPLIST_FILE = LoveFreshBeenOCUITests/Info.plist;
				LD_RUNPATH_SEARCH_PATHS = "$(inherited) @executable_path/Frameworks @loader_path/Frameworks";
				PRODUCT_BUNDLE_IDENTIFIER = YT.LoveFreshBeenOCUITests;
				PRODUCT_NAME = "$(TARGET_NAME)";
				TEST_TARGET_NAME = LoveFreshBeenOC;
				USES_XCTRUNNER = YES;
			};
			name = Release;
		};
/* End XCBuildConfiguration section */

/* Begin XCConfigurationList section */
		4DBF4C161C99084E00FD5E05 /* Build configuration list for PBXProject "LoveFreshBeenOC" */ = {
			isa = XCConfigurationList;
			buildConfigurations = (
				4DBF4C3B1C99084E00FD5E05 /* Debug */,
				4DBF4C3C1C99084E00FD5E05 /* Release */,
			);
			defaultConfigurationIsVisible = 0;
			defaultConfigurationName = Release;
		};
		4DBF4C3D1C99084E00FD5E05 /* Build configuration list for PBXNativeTarget "LoveFreshBeenOC" */ = {
			isa = XCConfigurationList;
			buildConfigurations = (
				4DBF4C3E1C99084E00FD5E05 /* Debug */,
				4DBF4C3F1C99084E00FD5E05 /* Release */,
			);
			defaultConfigurationIsVisible = 0;
		};
		4DBF4C401C99084E00FD5E05 /* Build configuration list for PBXNativeTarget "LoveFreshBeenOCUITests" */ = {
			isa = XCConfigurationList;
			buildConfigurations = (
				4DBF4C411C99084E00FD5E05 /* Debug */,
				4DBF4C421C99084E00FD5E05 /* Release */,
			);
			defaultConfigurationIsVisible = 0;
		};
/* End XCConfigurationList section */
	};
	rootObject = 4DBF4C131C99084E00FD5E05 /* Project object */;
}
